// !$*UTF8*$!
{
	archiveVersion = 1;
	classes = {
	};
	objectVersion = 46;
	objects = {

/* Begin PBXBuildFile section */
		2C54F914199882B100524D7B /* CARCoverScrollController.m in Sources */ = {isa = PBXBuildFile; fileRef = 2C54F913199882B100524D7B /* CARCoverScrollController.m */; };
		2C54F9171998DE8800524D7B /* CARCoverViewController.m in Sources */ = {isa = PBXBuildFile; fileRef = 2C54F9161998DE8800524D7B /* CARCoverViewController.m */; };
		2C6A64FA199A4B5B007E4C3E /* DEMOCoverViewController.m in Sources */ = {isa = PBXBuildFile; fileRef = 2C6A64F9199A4B5B007E4C3E /* DEMOCoverViewController.m */; };
		2C6A64FE199B21F2007E4C3E /* DEMOTableViewController.m in Sources */ = {isa = PBXBuildFile; fileRef = 2C6A64FD199B21F2007E4C3E /* DEMOTableViewController.m */; };
		2C6A6501199B2202007E4C3E /* DEMOCollectionViewController.m in Sources */ = {isa = PBXBuildFile; fileRef = 2C6A6500199B2202007E4C3E /* DEMOCollectionViewController.m */; };
		2C8C5E3919A3740A00BDA667 /* DEMOCoverImageCell.m in Sources */ = {isa = PBXBuildFile; fileRef = 2C8C5E3819A3740A00BDA667 /* DEMOCoverImageCell.m */; };
		2C8C5E3B19A3741E00BDA667 /* DEMOCoverImageCell.xib in Resources */ = {isa = PBXBuildFile; fileRef = 2C8C5E3A19A3741E00BDA667 /* DEMOCoverImageCell.xib */; };
		2C8C5E3E19A3744300BDA667 /* DEMOCoverDefaultCell.m in Sources */ = {isa = PBXBuildFile; fileRef = 2C8C5E3D19A3744300BDA667 /* DEMOCoverDefaultCell.m */; };
		2C8C5E4119A3744D00BDA667 /* DEMOCoverLabelCell.m in Sources */ = {isa = PBXBuildFile; fileRef = 2C8C5E4019A3744D00BDA667 /* DEMOCoverLabelCell.m */; };
		2C8C5E4319A3745700BDA667 /* DEMOCoverLabelCell.xib in Resources */ = {isa = PBXBuildFile; fileRef = 2C8C5E4219A3745700BDA667 /* DEMOCoverLabelCell.xib */; };
		2CB2AFB41991D16E00898729 /* QuartzCore.framework in Frameworks */ = {isa = PBXBuildFile; fileRef = 2CB2AFB31991D16E00898729 /* QuartzCore.framework */; };
		2CCE39AA19AC7ABB007DDF99 /* DEMOCoverScrollController.m in Sources */ = {isa = PBXBuildFile; fileRef = 2CCE39A919AC7ABB007DDF99 /* DEMOCoverScrollController.m */; };
		2CCE39AD19AC7F16007DDF99 /* DEMOControlViewController.m in Sources */ = {isa = PBXBuildFile; fileRef = 2CCE39AC19AC7F16007DDF99 /* DEMOControlViewController.m */; };
		2CCE39CD19B01917007DDF99 /* DEMOTextViewController.m in Sources */ = {isa = PBXBuildFile; fileRef = 2CCE39CC19B01917007DDF99 /* DEMOTextViewController.m */; };
		2CD7497D196D4CAE00C73FB1 /* Foundation.framework in Frameworks */ = {isa = PBXBuildFile; fileRef = 2CD7497C196D4CAE00C73FB1 /* Foundation.framework */; };
		2CD7497F196D4CAE00C73FB1 /* CoreGraphics.framework in Frameworks */ = {isa = PBXBuildFile; fileRef = 2CD7497E196D4CAE00C73FB1 /* CoreGraphics.framework */; };
		2CD74981196D4CAE00C73FB1 /* UIKit.framework in Frameworks */ = {isa = PBXBuildFile; fileRef = 2CD74980196D4CAE00C73FB1 /* UIKit.framework */; };
		2CD74987196D4CAE00C73FB1 /* InfoPlist.strings in Resources */ = {isa = PBXBuildFile; fileRef = 2CD74985196D4CAE00C73FB1 /* InfoPlist.strings */; };
		2CD74989196D4CAE00C73FB1 /* main.m in Sources */ = {isa = PBXBuildFile; fileRef = 2CD74988196D4CAE00C73FB1 /* main.m */; };
		2CD7498D196D4CAE00C73FB1 /* CARAppDelegate.m in Sources */ = {isa = PBXBuildFile; fileRef = 2CD7498C196D4CAE00C73FB1 /* CARAppDelegate.m */; };
		2CD74990196D4CAE00C73FB1 /* Main_iPhone.storyboard in Resources */ = {isa = PBXBuildFile; fileRef = 2CD7498E196D4CAE00C73FB1 /* Main_iPhone.storyboard */; };
		2CD74993196D4CAE00C73FB1 /* Main_iPad.storyboard in Resources */ = {isa = PBXBuildFile; fileRef = 2CD74991196D4CAE00C73FB1 /* Main_iPad.storyboard */; };
		2CD74998196D4CAE00C73FB1 /* Images.xcassets in Resources */ = {isa = PBXBuildFile; fileRef = 2CD74997196D4CAE00C73FB1 /* Images.xcassets */; };
		2CD7499F196D4CAE00C73FB1 /* XCTest.framework in Frameworks */ = {isa = PBXBuildFile; fileRef = 2CD7499E196D4CAE00C73FB1 /* XCTest.framework */; };
		2CD749A0196D4CAE00C73FB1 /* Foundation.framework in Frameworks */ = {isa = PBXBuildFile; fileRef = 2CD7497C196D4CAE00C73FB1 /* Foundation.framework */; };
		2CD749A1196D4CAE00C73FB1 /* UIKit.framework in Frameworks */ = {isa = PBXBuildFile; fileRef = 2CD74980196D4CAE00C73FB1 /* UIKit.framework */; };
		2CD749A9196D4CAE00C73FB1 /* InfoPlist.strings in Resources */ = {isa = PBXBuildFile; fileRef = 2CD749A7196D4CAE00C73FB1 /* InfoPlist.strings */; };
		2CD749AB196D4CAE00C73FB1 /* CARCoverTableViewDemoTests.m in Sources */ = {isa = PBXBuildFile; fileRef = 2CD749AA196D4CAE00C73FB1 /* CARCoverTableViewDemoTests.m */; };
		2CD749BE196F904000C73FB1 /* image001.png in Resources */ = {isa = PBXBuildFile; fileRef = 2CD749BD196F904000C73FB1 /* image001.png */; };
		2CD749C6196FCC1C00C73FB1 /* CoreData.framework in Frameworks */ = {isa = PBXBuildFile; fileRef = 2CD749C5196FCC1C00C73FB1 /* CoreData.framework */; };
		2CD749C91970337700C73FB1 /* CARCoverScrollView.m in Sources */ = {isa = PBXBuildFile; fileRef = 2CD749C81970337700C73FB1 /* CARCoverScrollView.m */; };
/* End PBXBuildFile section */

/* Begin PBXContainerItemProxy section */
		2CD749A2196D4CAE00C73FB1 /* PBXContainerItemProxy */ = {
			isa = PBXContainerItemProxy;
			containerPortal = 2CD74971196D4CAE00C73FB1 /* Project object */;
			proxyType = 1;
			remoteGlobalIDString = 2CD74978196D4CAE00C73FB1;
			remoteInfo = CARCoverTableViewDemo;
		};
/* End PBXContainerItemProxy section */

/* Begin PBXFileReference section */
		2C54F912199882B100524D7B /* CARCoverScrollController.h */ = {isa = PBXFileReference; fileEncoding = 4; lastKnownFileType = sourcecode.c.h; path = CARCoverScrollController.h; sourceTree = "<group>"; };
		2C54F913199882B100524D7B /* CARCoverScrollController.m */ = {isa = PBXFileReference; fileEncoding = 4; lastKnownFileType = sourcecode.c.objc; path = CARCoverScrollController.m; sourceTree = "<group>"; };
		2C54F9151998DE8800524D7B /* CARCoverViewController.h */ = {isa = PBXFileReference; fileEncoding = 4; lastKnownFileType = sourcecode.c.h; path = CARCoverViewController.h; sourceTree = "<group>"; };
		2C54F9161998DE8800524D7B /* CARCoverViewController.m */ = {isa = PBXFileReference; fileEncoding = 4; lastKnownFileType = sourcecode.c.objc; path = CARCoverViewController.m; sourceTree = "<group>"; };
		2C6A64F8199A4B5B007E4C3E /* DEMOCoverViewController.h */ = {isa = PBXFileReference; fileEncoding = 4; lastKnownFileType = sourcecode.c.h; path = DEMOCoverViewController.h; sourceTree = "<group>"; };
		2C6A64F9199A4B5B007E4C3E /* DEMOCoverViewController.m */ = {isa = PBXFileReference; fileEncoding = 4; lastKnownFileType = sourcecode.c.objc; path = DEMOCoverViewController.m; sourceTree = "<group>"; };
		2C6A64FC199B21F2007E4C3E /* DEMOTableViewController.h */ = {isa = PBXFileReference; fileEncoding = 4; lastKnownFileType = sourcecode.c.h; path = DEMOTableViewController.h; sourceTree = "<group>"; };
		2C6A64FD199B21F2007E4C3E /* DEMOTableViewController.m */ = {isa = PBXFileReference; fileEncoding = 4; lastKnownFileType = sourcecode.c.objc; path = DEMOTableViewController.m; sourceTree = "<group>"; };
		2C6A64FF199B2202007E4C3E /* DEMOCollectionViewController.h */ = {isa = PBXFileReference; fileEncoding = 4; lastKnownFileType = sourcecode.c.h; path = DEMOCollectionViewController.h; sourceTree = "<group>"; };
		2C6A6500199B2202007E4C3E /* DEMOCollectionViewController.m */ = {isa = PBXFileReference; fileEncoding = 4; lastKnownFileType = sourcecode.c.objc; path = DEMOCollectionViewController.m; sourceTree = "<group>"; };
		2C8C5E3719A3740A00BDA667 /* DEMOCoverImageCell.h */ = {isa = PBXFileReference; fileEncoding = 4; lastKnownFileType = sourcecode.c.h; path = DEMOCoverImageCell.h; sourceTree = "<group>"; };
		2C8C5E3819A3740A00BDA667 /* DEMOCoverImageCell.m */ = {isa = PBXFileReference; fileEncoding = 4; lastKnownFileType = sourcecode.c.objc; path = DEMOCoverImageCell.m; sourceTree = "<group>"; };
		2C8C5E3A19A3741E00BDA667 /* DEMOCoverImageCell.xib */ = {isa = PBXFileReference; fileEncoding = 4; lastKnownFileType = file.xib; path = DEMOCoverImageCell.xib; sourceTree = "<group>"; };
		2C8C5E3C19A3744300BDA667 /* DEMOCoverDefaultCell.h */ = {isa = PBXFileReference; fileEncoding = 4; lastKnownFileType = sourcecode.c.h; path = DEMOCoverDefaultCell.h; sourceTree = "<group>"; };
		2C8C5E3D19A3744300BDA667 /* DEMOCoverDefaultCell.m */ = {isa = PBXFileReference; fileEncoding = 4; lastKnownFileType = sourcecode.c.objc; path = DEMOCoverDefaultCell.m; sourceTree = "<group>"; };
		2C8C5E3F19A3744D00BDA667 /* DEMOCoverLabelCell.h */ = {isa = PBXFileReference; fileEncoding = 4; lastKnownFileType = sourcecode.c.h; path = DEMOCoverLabelCell.h; sourceTree = "<group>"; };
		2C8C5E4019A3744D00BDA667 /* DEMOCoverLabelCell.m */ = {isa = PBXFileReference; fileEncoding = 4; lastKnownFileType = sourcecode.c.objc; path = DEMOCoverLabelCell.m; sourceTree = "<group>"; };
		2C8C5E4219A3745700BDA667 /* DEMOCoverLabelCell.xib */ = {isa = PBXFileReference; fileEncoding = 4; lastKnownFileType = file.xib; path = DEMOCoverLabelCell.xib; sourceTree = "<group>"; };
		2CB2AFB31991D16E00898729 /* QuartzCore.framework */ = {isa = PBXFileReference; lastKnownFileType = wrapper.framework; name = QuartzCore.framework; path = System/Library/Frameworks/QuartzCore.framework; sourceTree = SDKROOT; };
		2CCE39A719AC5F33007DDF99 /* CARCoverViewControllerProtocols.h */ = {isa = PBXFileReference; lastKnownFileType = sourcecode.c.h; path = CARCoverViewControllerProtocols.h; sourceTree = "<group>"; };
		2CCE39A819AC7ABB007DDF99 /* DEMOCoverScrollController.h */ = {isa = PBXFileReference; fileEncoding = 4; lastKnownFileType = sourcecode.c.h; path = DEMOCoverScrollController.h; sourceTree = "<group>"; };
		2CCE39A919AC7ABB007DDF99 /* DEMOCoverScrollController.m */ = {isa = PBXFileReference; fileEncoding = 4; lastKnownFileType = sourcecode.c.objc; path = DEMOCoverScrollController.m; sourceTree = "<group>"; };
		2CCE39AB19AC7F16007DDF99 /* DEMOControlViewController.h */ = {isa = PBXFileReference; fileEncoding = 4; lastKnownFileType = sourcecode.c.h; path = DEMOControlViewController.h; sourceTree = "<group>"; };
		2CCE39AC19AC7F16007DDF99 /* DEMOControlViewController.m */ = {isa = PBXFileReference; fileEncoding = 4; lastKnownFileType = sourcecode.c.objc; path = DEMOControlViewController.m; sourceTree = "<group>"; };
		2CCE39CB19B01917007DDF99 /* DEMOTextViewController.h */ = {isa = PBXFileReference; fileEncoding = 4; lastKnownFileType = sourcecode.c.h; path = DEMOTextViewController.h; sourceTree = "<group>"; };
		2CCE39CC19B01917007DDF99 /* DEMOTextViewController.m */ = {isa = PBXFileReference; fileEncoding = 4; lastKnownFileType = sourcecode.c.objc; path = DEMOTextViewController.m; sourceTree = "<group>"; };
		2CD74979196D4CAE00C73FB1 /* CARCoverTableViewDemo.app */ = {isa = PBXFileReference; explicitFileType = wrapper.application; includeInIndex = 0; path = CARCoverTableViewDemo.app; sourceTree = BUILT_PRODUCTS_DIR; };
		2CD7497C196D4CAE00C73FB1 /* Foundation.framework */ = {isa = PBXFileReference; lastKnownFileType = wrapper.framework; name = Foundation.framework; path = System/Library/Frameworks/Foundation.framework; sourceTree = SDKROOT; };
		2CD7497E196D4CAE00C73FB1 /* CoreGraphics.framework */ = {isa = PBXFileReference; lastKnownFileType = wrapper.framework; name = CoreGraphics.framework; path = System/Library/Frameworks/CoreGraphics.framework; sourceTree = SDKROOT; };
		2CD74980196D4CAE00C73FB1 /* UIKit.framework */ = {isa = PBXFileReference; lastKnownFileType = wrapper.framework; name = UIKit.framework; path = System/Library/Frameworks/UIKit.framework; sourceTree = SDKROOT; };
		2CD74984196D4CAE00C73FB1 /* CARCoverTableViewDemo-Info.plist */ = {isa = PBXFileReference; lastKnownFileType = text.plist.xml; path = "CARCoverTableViewDemo-Info.plist"; sourceTree = "<group>"; };
		2CD74986196D4CAE00C73FB1 /* en */ = {isa = PBXFileReference; lastKnownFileType = text.plist.strings; name = en; path = en.lproj/InfoPlist.strings; sourceTree = "<group>"; };
		2CD74988196D4CAE00C73FB1 /* main.m */ = {isa = PBXFileReference; lastKnownFileType = sourcecode.c.objc; path = main.m; sourceTree = "<group>"; };
		2CD7498A196D4CAE00C73FB1 /* CARCoverTableViewDemo-Prefix.pch */ = {isa = PBXFileReference; lastKnownFileType = sourcecode.c.h; path = "CARCoverTableViewDemo-Prefix.pch"; sourceTree = "<group>"; };
		2CD7498B196D4CAE00C73FB1 /* CARAppDelegate.h */ = {isa = PBXFileReference; lastKnownFileType = sourcecode.c.h; path = CARAppDelegate.h; sourceTree = "<group>"; };
		2CD7498C196D4CAE00C73FB1 /* CARAppDelegate.m */ = {isa = PBXFileReference; lastKnownFileType = sourcecode.c.objc; path = CARAppDelegate.m; sourceTree = "<group>"; };
		2CD7498F196D4CAE00C73FB1 /* Base */ = {isa = PBXFileReference; lastKnownFileType = file.storyboard; name = Base; path = Base.lproj/Main_iPhone.storyboard; sourceTree = "<group>"; };
		2CD74992196D4CAE00C73FB1 /* Base */ = {isa = PBXFileReference; lastKnownFileType = file.storyboard; name = Base; path = Base.lproj/Main_iPad.storyboard; sourceTree = "<group>"; };
		2CD74997196D4CAE00C73FB1 /* Images.xcassets */ = {isa = PBXFileReference; lastKnownFileType = folder.assetcatalog; path = Images.xcassets; sourceTree = "<group>"; };
		2CD7499D196D4CAE00C73FB1 /* CARCoverTableViewDemoTests.xctest */ = {isa = PBXFileReference; explicitFileType = wrapper.cfbundle; includeInIndex = 0; path = CARCoverTableViewDemoTests.xctest; sourceTree = BUILT_PRODUCTS_DIR; };
		2CD7499E196D4CAE00C73FB1 /* XCTest.framework */ = {isa = PBXFileReference; lastKnownFileType = wrapper.framework; name = XCTest.framework; path = Library/Frameworks/XCTest.framework; sourceTree = DEVELOPER_DIR; };
		2CD749A6196D4CAE00C73FB1 /* CARCoverTableViewDemoTests-Info.plist */ = {isa = PBXFileReference; lastKnownFileType = text.plist.xml; path = "CARCoverTableViewDemoTests-Info.plist"; sourceTree = "<group>"; };
		2CD749A8196D4CAE00C73FB1 /* en */ = {isa = PBXFileReference; lastKnownFileType = text.plist.strings; name = en; path = en.lproj/InfoPlist.strings; sourceTree = "<group>"; };
		2CD749AA196D4CAE00C73FB1 /* CARCoverTableViewDemoTests.m */ = {isa = PBXFileReference; lastKnownFileType = sourcecode.c.objc; path = CARCoverTableViewDemoTests.m; sourceTree = "<group>"; };
		2CD749BD196F904000C73FB1 /* image001.png */ = {isa = PBXFileReference; lastKnownFileType = image.png; path = image001.png; sourceTree = "<group>"; };
		2CD749C5196FCC1C00C73FB1 /* CoreData.framework */ = {isa = PBXFileReference; lastKnownFileType = wrapper.framework; name = CoreData.framework; path = System/Library/Frameworks/CoreData.framework; sourceTree = SDKROOT; };
		2CD749C71970337700C73FB1 /* CARCoverScrollView.h */ = {isa = PBXFileReference; fileEncoding = 4; lastKnownFileType = sourcecode.c.h; path = CARCoverScrollView.h; sourceTree = "<group>"; };
		2CD749C81970337700C73FB1 /* CARCoverScrollView.m */ = {isa = PBXFileReference; fileEncoding = 4; lastKnownFileType = sourcecode.c.objc; path = CARCoverScrollView.m; sourceTree = "<group>"; };
/* End PBXFileReference section */

/* Begin PBXFrameworksBuildPhase section */
		2CD74976196D4CAE00C73FB1 /* Frameworks */ = {
			isa = PBXFrameworksBuildPhase;
			buildActionMask = 2147483647;
			files = (
				2CB2AFB41991D16E00898729 /* QuartzCore.framework in Frameworks */,
				2CD749C6196FCC1C00C73FB1 /* CoreData.framework in Frameworks */,
				2CD7497F196D4CAE00C73FB1 /* CoreGraphics.framework in Frameworks */,
				2CD74981196D4CAE00C73FB1 /* UIKit.framework in Frameworks */,
				2CD7497D196D4CAE00C73FB1 /* Foundation.framework in Frameworks */,
			);
			runOnlyForDeploymentPostprocessing = 0;
		};
		2CD7499A196D4CAE00C73FB1 /* Frameworks */ = {
			isa = PBXFrameworksBuildPhase;
			buildActionMask = 2147483647;
			files = (
				2CD7499F196D4CAE00C73FB1 /* XCTest.framework in Frameworks */,
				2CD749A1196D4CAE00C73FB1 /* UIKit.framework in Frameworks */,
				2CD749A0196D4CAE00C73FB1 /* Foundation.framework in Frameworks */,
			);
			runOnlyForDeploymentPostprocessing = 0;
		};
/* End PBXFrameworksBuildPhase section */

/* Begin PBXGroup section */
		2C6A64FB199B21E0007E4C3E /* DemoContents */ = {
			isa = PBXGroup;
			children = (
				2C6A64FC199B21F2007E4C3E /* DEMOTableViewController.h */,
				2C6A64FD199B21F2007E4C3E /* DEMOTableViewController.m */,
				2C6A64FF199B2202007E4C3E /* DEMOCollectionViewController.h */,
				2C6A6500199B2202007E4C3E /* DEMOCollectionViewController.m */,
				2CCE39AB19AC7F16007DDF99 /* DEMOControlViewController.h */,
				2CCE39AC19AC7F16007DDF99 /* DEMOControlViewController.m */,
				2CCE39CB19B01917007DDF99 /* DEMOTextViewController.h */,
				2CCE39CC19B01917007DDF99 /* DEMOTextViewController.m */,
				2C8C5E3C19A3744300BDA667 /* DEMOCoverDefaultCell.h */,
				2C8C5E3D19A3744300BDA667 /* DEMOCoverDefaultCell.m */,
				2C8C5E3719A3740A00BDA667 /* DEMOCoverImageCell.h */,
				2C8C5E3819A3740A00BDA667 /* DEMOCoverImageCell.m */,
				2C8C5E3A19A3741E00BDA667 /* DEMOCoverImageCell.xib */,
				2C8C5E3F19A3744D00BDA667 /* DEMOCoverLabelCell.h */,
				2C8C5E4019A3744D00BDA667 /* DEMOCoverLabelCell.m */,
				2C8C5E4219A3745700BDA667 /* DEMOCoverLabelCell.xib */,
			);
			path = DemoContents;
			sourceTree = "<group>";
		};
		2CD74970196D4CAE00C73FB1 = {
			isa = PBXGroup;
			children = (
				2CD74982196D4CAE00C73FB1 /* CARCoverTableViewDemo */,
				2CD749A4196D4CAE00C73FB1 /* CARCoverTableViewDemoTests */,
				2CD7497B196D4CAE00C73FB1 /* Frameworks */,
				2CD7497A196D4CAE00C73FB1 /* Products */,
			);
			sourceTree = "<group>";
		};
		2CD7497A196D4CAE00C73FB1 /* Products */ = {
			isa = PBXGroup;
			children = (
				2CD74979196D4CAE00C73FB1 /* CARCoverTableViewDemo.app */,
				2CD7499D196D4CAE00C73FB1 /* CARCoverTableViewDemoTests.xctest */,
			);
			name = Products;
			sourceTree = "<group>";
		};
		2CD7497B196D4CAE00C73FB1 /* Frameworks */ = {
			isa = PBXGroup;
			children = (
				2CB2AFB31991D16E00898729 /* QuartzCore.framework */,
				2CD749C5196FCC1C00C73FB1 /* CoreData.framework */,
				2CD7497C196D4CAE00C73FB1 /* Foundation.framework */,
				2CD7497E196D4CAE00C73FB1 /* CoreGraphics.framework */,
				2CD74980196D4CAE00C73FB1 /* UIKit.framework */,
				2CD7499E196D4CAE00C73FB1 /* XCTest.framework */,
			);
			name = Frameworks;
			sourceTree = "<group>";
		};
		2CD74982196D4CAE00C73FB1 /* CARCoverTableViewDemo */ = {
			isa = PBXGroup;
			children = (
				2CD7498B196D4CAE00C73FB1 /* CARAppDelegate.h */,
				2CD7498C196D4CAE00C73FB1 /* CARAppDelegate.m */,
				2CD7498E196D4CAE00C73FB1 /* Main_iPhone.storyboard */,
				2CD74991196D4CAE00C73FB1 /* Main_iPad.storyboard */,
				2C6A64F8199A4B5B007E4C3E /* DEMOCoverViewController.h */,
				2C6A64F9199A4B5B007E4C3E /* DEMOCoverViewController.m */,
				2CCE39A819AC7ABB007DDF99 /* DEMOCoverScrollController.h */,
				2CCE39A919AC7ABB007DDF99 /* DEMOCoverScrollController.m */,
				2C6A64FB199B21E0007E4C3E /* DemoContents */,
				2CD749BD196F904000C73FB1 /* image001.png */,
				2CD74997196D4CAE00C73FB1 /* Images.xcassets */,
				2CD749B4196D4CD700C73FB1 /* CARCoverTableView */,
				2CD74983196D4CAE00C73FB1 /* Supporting Files */,
			);
			path = CARCoverTableViewDemo;
			sourceTree = "<group>";
		};
		2CD74983196D4CAE00C73FB1 /* Supporting Files */ = {
			isa = PBXGroup;
			children = (
				2CD74984196D4CAE00C73FB1 /* CARCoverTableViewDemo-Info.plist */,
				2CD74985196D4CAE00C73FB1 /* InfoPlist.strings */,
				2CD74988196D4CAE00C73FB1 /* main.m */,
				2CD7498A196D4CAE00C73FB1 /* CARCoverTableViewDemo-Prefix.pch */,
			);
			name = "Supporting Files";
			sourceTree = "<group>";
		};
		2CD749A4196D4CAE00C73FB1 /* CARCoverTableViewDemoTests */ = {
			isa = PBXGroup;
			children = (
				2CD749AA196D4CAE00C73FB1 /* CARCoverTableViewDemoTests.m */,
				2CD749A5196D4CAE00C73FB1 /* Supporting Files */,
			);
			path = CARCoverTableViewDemoTests;
			sourceTree = "<group>";
		};
		2CD749A5196D4CAE00C73FB1 /* Supporting Files */ = {
			isa = PBXGroup;
			children = (
				2CD749A6196D4CAE00C73FB1 /* CARCoverTableViewDemoTests-Info.plist */,
				2CD749A7196D4CAE00C73FB1 /* InfoPlist.strings */,
			);
			name = "Supporting Files";
			sourceTree = "<group>";
		};
		2CD749B4196D4CD700C73FB1 /* CARCoverTableView */ = {
			isa = PBXGroup;
			children = (
				2CD749C71970337700C73FB1 /* CARCoverScrollView.h */,
				2CD749C81970337700C73FB1 /* CARCoverScrollView.m */,
				2C54F9151998DE8800524D7B /* CARCoverViewController.h */,
				2C54F9161998DE8800524D7B /* CARCoverViewController.m */,
				2CCE39A719AC5F33007DDF99 /* CARCoverViewControllerProtocols.h */,
				2C54F912199882B100524D7B /* CARCoverScrollController.h */,
				2C54F913199882B100524D7B /* CARCoverScrollController.m */,
			);
			path = CARCoverTableView;
			sourceTree = SOURCE_ROOT;
		};
/* End PBXGroup section */

/* Begin PBXNativeTarget section */
		2CD74978196D4CAE00C73FB1 /* CARCoverTableViewDemo */ = {
			isa = PBXNativeTarget;
			buildConfigurationList = 2CD749AE196D4CAE00C73FB1 /* Build configuration list for PBXNativeTarget "CARCoverTableViewDemo" */;
			buildPhases = (
				2CD74975196D4CAE00C73FB1 /* Sources */,
				2CD74976196D4CAE00C73FB1 /* Frameworks */,
				2CD74977196D4CAE00C73FB1 /* Resources */,
			);
			buildRules = (
			);
			dependencies = (
			);
			name = CARCoverTableViewDemo;
			productName = CARCoverTableViewDemo;
			productReference = 2CD74979196D4CAE00C73FB1 /* CARCoverTableViewDemo.app */;
			productType = "com.apple.product-type.application";
		};
		2CD7499C196D4CAE00C73FB1 /* CARCoverTableViewDemoTests */ = {
			isa = PBXNativeTarget;
			buildConfigurationList = 2CD749B1196D4CAE00C73FB1 /* Build configuration list for PBXNativeTarget "CARCoverTableViewDemoTests" */;
			buildPhases = (
				2CD74999196D4CAE00C73FB1 /* Sources */,
				2CD7499A196D4CAE00C73FB1 /* Frameworks */,
				2CD7499B196D4CAE00C73FB1 /* Resources */,
			);
			buildRules = (
			);
			dependencies = (
				2CD749A3196D4CAE00C73FB1 /* PBXTargetDependency */,
			);
			name = CARCoverTableViewDemoTests;
			productName = CARCoverTableViewDemoTests;
			productReference = 2CD7499D196D4CAE00C73FB1 /* CARCoverTableViewDemoTests.xctest */;
			productType = "com.apple.product-type.bundle.unit-test";
		};
/* End PBXNativeTarget section */

/* Begin PBXProject section */
		2CD74971196D4CAE00C73FB1 /* Project object */ = {
			isa = PBXProject;
			attributes = {
				CLASSPREFIX = CAR;
				LastUpgradeCheck = 0510;
				ORGANIZATIONNAME = "CrayonApps Inc.";
				TargetAttributes = {
					2CD7499C196D4CAE00C73FB1 = {
						TestTargetID = 2CD74978196D4CAE00C73FB1;
					};
				};
			};
			buildConfigurationList = 2CD74974196D4CAE00C73FB1 /* Build configuration list for PBXProject "CARCoverTableViewDemo" */;
			compatibilityVersion = "Xcode 3.2";
			developmentRegion = English;
			hasScannedForEncodings = 0;
			knownRegions = (
				en,
				Base,
			);
			mainGroup = 2CD74970196D4CAE00C73FB1;
			productRefGroup = 2CD7497A196D4CAE00C73FB1 /* Products */;
			projectDirPath = "";
			projectRoot = "";
			targets = (
				2CD74978196D4CAE00C73FB1 /* CARCoverTableViewDemo */,
				2CD7499C196D4CAE00C73FB1 /* CARCoverTableViewDemoTests */,
			);
		};
/* End PBXProject section */

/* Begin PBXResourcesBuildPhase section */
		2CD74977196D4CAE00C73FB1 /* Resources */ = {
			isa = PBXResourcesBuildPhase;
			buildActionMask = 2147483647;
			files = (
				2CD74993196D4CAE00C73FB1 /* Main_iPad.storyboard in Resources */,
				2CD74998196D4CAE00C73FB1 /* Images.xcassets in Resources */,
				2C8C5E3B19A3741E00BDA667 /* DEMOCoverImageCell.xib in Resources */,
				2C8C5E4319A3745700BDA667 /* DEMOCoverLabelCell.xib in Resources */,
				2CD749BE196F904000C73FB1 /* image001.png in Resources */,
				2CD74990196D4CAE00C73FB1 /* Main_iPhone.storyboard in Resources */,
				2CD74987196D4CAE00C73FB1 /* InfoPlist.strings in Resources */,
			);
			runOnlyForDeploymentPostprocessing = 0;
		};
		2CD7499B196D4CAE00C73FB1 /* Resources */ = {
			isa = PBXResourcesBuildPhase;
			buildActionMask = 2147483647;
			files = (
				2CD749A9196D4CAE00C73FB1 /* InfoPlist.strings in Resources */,
			);
			runOnlyForDeploymentPostprocessing = 0;
		};
/* End PBXResourcesBuildPhase section */

/* Begin PBXSourcesBuildPhase section */
		2CD74975196D4CAE00C73FB1 /* Sources */ = {
			isa = PBXSourcesBuildPhase;
			buildActionMask = 2147483647;
			files = (
				2C8C5E3E19A3744300BDA667 /* DEMOCoverDefaultCell.m in Sources */,
				2CD74989196D4CAE00C73FB1 /* main.m in Sources */,
				2CCE39AD19AC7F16007DDF99 /* DEMOControlViewController.m in Sources */,
				2C6A64FA199A4B5B007E4C3E /* DEMOCoverViewController.m in Sources */,
				2C54F914199882B100524D7B /* CARCoverScrollController.m in Sources */,
				2C6A64FE199B21F2007E4C3E /* DEMOTableViewController.m in Sources */,
				2CCE39CD19B01917007DDF99 /* DEMOTextViewController.m in Sources */,
				2CCE39AA19AC7ABB007DDF99 /* DEMOCoverScrollController.m in Sources */,
				2C6A6501199B2202007E4C3E /* DEMOCollectionViewController.m in Sources */,
				2C8C5E3919A3740A00BDA667 /* DEMOCoverImageCell.m in Sources */,
				2CD7498D196D4CAE00C73FB1 /* CARAppDelegate.m in Sources */,
				2CD749C91970337700C73FB1 /* CARCoverScrollView.m in Sources */,
				2C54F9171998DE8800524D7B /* CARCoverViewController.m in Sources */,
				2C8C5E4119A3744D00BDA667 /* DEMOCoverLabelCell.m in Sources */,
			);
			runOnlyForDeploymentPostprocessing = 0;
		};
		2CD74999196D4CAE00C73FB1 /* Sources */ = {
			isa = PBXSourcesBuildPhase;
			buildActionMask = 2147483647;
			files = (
				2CD749AB196D4CAE00C73FB1 /* CARCoverTableViewDemoTests.m in Sources */,
			);
			runOnlyForDeploymentPostprocessing = 0;
		};
/* End PBXSourcesBuildPhase section */

/* Begin PBXTargetDependency section */
		2CD749A3196D4CAE00C73FB1 /* PBXTargetDependency */ = {
			isa = PBXTargetDependency;
			target = 2CD74978196D4CAE00C73FB1 /* CARCoverTableViewDemo */;
			targetProxy = 2CD749A2196D4CAE00C73FB1 /* PBXContainerItemProxy */;
		};
/* End PBXTargetDependency section */

/* Begin PBXVariantGroup section */
		2CD74985196D4CAE00C73FB1 /* InfoPlist.strings */ = {
			isa = PBXVariantGroup;
			children = (
				2CD74986196D4CAE00C73FB1 /* en */,
			);
			name = InfoPlist.strings;
			sourceTree = "<group>";
		};
		2CD7498E196D4CAE00C73FB1 /* Main_iPhone.storyboard */ = {
			isa = PBXVariantGroup;
			children = (
				2CD7498F196D4CAE00C73FB1 /* Base */,
			);
			name = Main_iPhone.storyboard;
			sourceTree = "<group>";
		};
		2CD74991196D4CAE00C73FB1 /* Main_iPad.storyboard */ = {
			isa = PBXVariantGroup;
			children = (
				2CD74992196D4CAE00C73FB1 /* Base */,
			);
			name = Main_iPad.storyboard;
			sourceTree = "<group>";
		};
		2CD749A7196D4CAE00C73FB1 /* InfoPlist.strings */ = {
			isa = PBXVariantGroup;
			children = (
				2CD749A8196D4CAE00C73FB1 /* en */,
			);
			name = InfoPlist.strings;
			sourceTree = "<group>";
		};
/* End PBXVariantGroup section */

/* Begin XCBuildConfiguration section */
		2CD749AC196D4CAE00C73FB1 /* Debug */ = {
			isa = XCBuildConfiguration;
			buildSettings = {
				ALWAYS_SEARCH_USER_PATHS = NO;
				CLANG_CXX_LANGUAGE_STANDARD = "gnu++0x";
				CLANG_CXX_LIBRARY = "libc++";
				CLANG_ENABLE_MODULES = YES;
				CLANG_ENABLE_OBJC_ARC = YES;
				CLANG_WARN_BOOL_CONVERSION = YES;
				CLANG_WARN_CONSTANT_CONVERSION = YES;
				CLANG_WARN_DIRECT_OBJC_ISA_USAGE = YES_ERROR;
				CLANG_WARN_EMPTY_BODY = YES;
				CLANG_WARN_ENUM_CONVERSION = YES;
				CLANG_WARN_INT_CONVERSION = YES;
				CLANG_WARN_OBJC_ROOT_CLASS = YES_ERROR;
				CLANG_WARN__DUPLICATE_METHOD_MATCH = YES;
				"CODE_SIGN_IDENTITY[sdk=iphoneos*]" = "iPhone Developer";
				COPY_PHASE_STRIP = NO;
				GCC_C_LANGUAGE_STANDARD = gnu99;
				GCC_DYNAMIC_NO_PIC = NO;
				GCC_OPTIMIZATION_LEVEL = 0;
				GCC_PREPROCESSOR_DEFINITIONS = (
					"DEBUG=1",
					"$(inherited)",
				);
				GCC_SYMBOLS_PRIVATE_EXTERN = NO;
				GCC_WARN_64_TO_32_BIT_CONVERSION = YES;
				GCC_WARN_ABOUT_RETURN_TYPE = YES_ERROR;
				GCC_WARN_UNDECLARED_SELECTOR = YES;
				GCC_WARN_UNINITIALIZED_AUTOS = YES_AGGRESSIVE;
				GCC_WARN_UNUSED_FUNCTION = YES;
				GCC_WARN_UNUSED_VARIABLE = YES;
				IPHONEOS_DEPLOYMENT_TARGET = 7.1;
				ONLY_ACTIVE_ARCH = YES;
				SDKROOT = iphoneos;
				TARGETED_DEVICE_FAMILY = "1,2";
			};
			name = Debug;
		};
		2CD749AD196D4CAE00C73FB1 /* Release */ = {
			isa = XCBuildConfiguration;
			buildSettings = {
				ALWAYS_SEARCH_USER_PATHS = NO;
				CLANG_CXX_LANGUAGE_STANDARD = "gnu++0x";
				CLANG_CXX_LIBRARY = "libc++";
				CLANG_ENABLE_MODULES = YES;
				CLANG_ENABLE_OBJC_ARC = YES;
				CLANG_WARN_BOOL_CONVERSION = YES;
				CLANG_WARN_CONSTANT_CONVERSION = YES;
				CLANG_WARN_DIRECT_OBJC_ISA_USAGE = YES_ERROR;
				CLANG_WARN_EMPTY_BODY = YES;
				CLANG_WARN_ENUM_CONVERSION = YES;
				CLANG_WARN_INT_CONVERSION = YES;
				CLANG_WARN_OBJC_ROOT_CLASS = YES_ERROR;
				CLANG_WARN__DUPLICATE_METHOD_MATCH = YES;
				"CODE_SIGN_IDENTITY[sdk=iphoneos*]" = "iPhone Developer";
				COPY_PHASE_STRIP = YES;
				ENABLE_NS_ASSERTIONS = NO;
				GCC_C_LANGUAGE_STANDARD = gnu99;
				GCC_WARN_64_TO_32_BIT_CONVERSION = YES;
				GCC_WARN_ABOUT_RETURN_TYPE = YES_ERROR;
				GCC_WARN_UNDECLARED_SELECTOR = YES;
				GCC_WARN_UNINITIALIZED_AUTOS = YES_AGGRESSIVE;
				GCC_WARN_UNUSED_FUNCTION = YES;
				GCC_WARN_UNUSED_VARIABLE = YES;
				IPHONEOS_DEPLOYMENT_TARGET = 7.1;
				SDKROOT = iphoneos;
				TARGETED_DEVICE_FAMILY = "1,2";
				VALIDATE_PRODUCT = YES;
			};
			name = Release;
		};
		2CD749AF196D4CAE00C73FB1 /* Debug */ = {
			isa = XCBuildConfiguration;
			buildSettings = {
				ASSETCATALOG_COMPILER_APPICON_NAME = AppIcon;
				ASSETCATALOG_COMPILER_LAUNCHIMAGE_NAME = LaunchImage;
				CODE_SIGN_IDENTITY = "iPhone Developer: Mitsuyoshi Yamazaki (EX372BK9A3)";
				GCC_PRECOMPILE_PREFIX_HEADER = YES;
				GCC_PREFIX_HEADER = "CARCoverTableViewDemo/CARCoverTableViewDemo-Prefix.pch";
				INFOPLIST_FILE = "CARCoverTableViewDemo/CARCoverTableViewDemo-Info.plist";
				IPHONEOS_DEPLOYMENT_TARGET = 6.0;
				PRODUCT_NAME = "$(TARGET_NAME)";
				PROVISIONING_PROFILE = "9a9d3934-5c5d-441b-8fb7-5332c12a4809";
				WRAPPER_EXTENSION = app;
			};
			name = Debug;
		};
		2CD749B0196D4CAE00C73FB1 /* Release */ = {
			isa = XCBuildConfiguration;
			buildSettings = {
				ASSETCATALOG_COMPILER_APPICON_NAME = AppIcon;
				ASSETCATALOG_COMPILER_LAUNCHIMAGE_NAME = LaunchImage;
				CODE_SIGN_IDENTITY = "iPhone Developer: Mitsuyoshi Yamazaki (EX372BK9A3)";
				GCC_PRECOMPILE_PREFIX_HEADER = YES;
				GCC_PREFIX_HEADER = "CARCoverTableViewDemo/CARCoverTableViewDemo-Prefix.pch";
				INFOPLIST_FILE = "CARCoverTableViewDemo/CARCoverTableViewDemo-Info.plist";
				IPHONEOS_DEPLOYMENT_TARGET = 6.0;
				PRODUCT_NAME = "$(TARGET_NAME)";
				PROVISIONING_PROFILE = "9a9d3934-5c5d-441b-8fb7-5332c12a4809";
				WRAPPER_EXTENSION = app;
			};
			name = Release;
		};
		2CD749B2196D4CAE00C73FB1 /* Debug */ = {
			isa = XCBuildConfiguration;
			buildSettings = {
				BUNDLE_LOADER = "$(BUILT_PRODUCTS_DIR)/CARCoverTableViewDemo.app/CARCoverTableViewDemo";
				FRAMEWORK_SEARCH_PATHS = (
					"$(SDKROOT)/Developer/Library/Frameworks",
					"$(inherited)",
					"$(DEVELOPER_FRAMEWORKS_DIR)",
				);
				GCC_PRECOMPILE_PREFIX_HEADER = YES;
				GCC_PREFIX_HEADER = "CARCoverTableViewDemo/CARCoverTableViewDemo-Prefix.pch";
				GCC_PREPROCESSOR_DEFINITIONS = (
					"DEBUG=1",
					"$(inherited)",
				);
				INFOPLIST_FILE = "CARCoverTableViewDemoTests/CARCoverTableViewDemoTests-Info.plist";
				PRODUCT_NAME = "$(TARGET_NAME)";
				TEST_HOST = "$(BUNDLE_LOADER)";
				WRAPPER_EXTENSION = xctest;
			};
			name = Debug;
		};
		2CD749B3196D4CAE00C73FB1 /* Release */ = {
			isa = XCBuildConfiguration;
			buildSettings = {
				BUNDLE_LOADER = "$(BUILT_PRODUCTS_DIR)/CARCoverTableViewDemo.app/CARCoverTableViewDemo";
				FRAMEWORK_SEARCH_PATHS = (
					"$(SDKROOT)/Developer/Library/Frameworks",
					"$(inherited)",
					"$(DEVELOPER_FRAMEWORKS_DIR)",
				);
				GCC_PRECOMPILE_PREFIX_HEADER = YES;
				GCC_PREFIX_HEADER = "CARCoverTableViewDemo/CARCoverTableViewDemo-Prefix.pch";
				INFOPLIST_FILE = "CARCoverTableViewDemoTests/CARCoverTableViewDemoTests-Info.plist";
				PRODUCT_NAME = "$(TARGET_NAME)";
				TEST_HOST = "$(BUNDLE_LOADER)";
				WRAPPER_EXTENSION = xctest;
			};
			name = Release;
		};
/* End XCBuildConfiguration section */

/* Begin XCConfigurationList section */
		2CD74974196D4CAE00C73FB1 /* Build configuration list for PBXProject "CARCoverTableViewDemo" */ = {
			isa = XCConfigurationList;
			buildConfigurations = (
				2CD749AC196D4CAE00C73FB1 /* Debug */,
				2CD749AD196D4CAE00C73FB1 /* Release */,
			);
			defaultConfigurationIsVisible = 0;
			defaultConfigurationName = Release;
		};
		2CD749AE196D4CAE00C73FB1 /* Build configuration list for PBXNativeTarget "CARCoverTableViewDemo" */ = {
			isa = XCConfigurationList;
			buildConfigurations = (
				2CD749AF196D4CAE00C73FB1 /* Debug */,
				2CD749B0196D4CAE00C73FB1 /* Release */,
			);
			defaultConfigurationIsVisible = 0;
			defaultConfigurationName = Release;
		};
		2CD749B1196D4CAE00C73FB1 /* Build configuration list for PBXNativeTarget "CARCoverTableViewDemoTests" */ = {
			isa = XCConfigurationList;
			buildConfigurations = (
				2CD749B2196D4CAE00C73FB1 /* Debug */,
				2CD749B3196D4CAE00C73FB1 /* Release */,
			);
			defaultConfigurationIsVisible = 0;
			defaultConfigurationName = Release;
		};
/* End XCConfigurationList section */
	};
	rootObject = 2CD74971196D4CAE00C73FB1 /* Project object */;
}
